
Microsoft Visual Studio Solution File, Format Version 12.00
# Visual Studio Version 17
VisualStudioVersion = 17.14.36623.8
MinimumVisualStudioVersion = 10.0.40219.1
Project("{FAE04EC0-301F-11D3-BF4B-00C04F79EFBC}") = "StudentRecordApp", "WinFormsApp1\StudentRecordApp.csproj", "{27B014A9-58C7-4201-8A5E-091CB0DC8F92}"
EndProject
Global
	GlobalSection(SolutionConfigurationPlatforms) = preSolution
		Debug|Any CPU = Debug|Any CPU
		Release|Any CPU = Release|Any CPU
	EndGlobalSection
	GlobalSection(ProjectConfigurationPlatforms) = postSolution
		{27B014A9-58C7-4201-8A5E-091CB0DC8F92}.Debug|Any CPU.ActiveCfg = Release|Any CPU
		{27B014A9-58C7-4201-8A5E-091CB0DC8F92}.Debug|Any CPU.Build.0 = Release|Any CPU
		{27B014A9-58C7-4201-8A5E-091CB0DC8F92}.Release|Any CPU.ActiveCfg = Release|Any CPU
		{27B014A9-58C7-4201-8A5E-091CB0DC8F92}.Release|Any CPU.Build.0 = Release|Any CPU
	EndGlobalSection
	GlobalSection(SolutionProperties) = preSolution
		HideSolutionNode = FALSE
	EndGlobalSection
	GlobalSection(ExtensibilityGlobals) = postSolution
		SolutionGuid = {C76EDFC3-352E-4829-8A1F-D93CE247CA58}
	EndGlobalSection
EndGlobal
